%{
  "hammer": {:hex, :hammer, "6.1.0", "f263e3c3e9946bd410ea0336b2abe0cb6260af4afb3a221e1027540706e76c55", [:make, :mix], [{:poolboy, "~> 1.5", [hex: :poolboy, repo: "hexpm", optional: false]}], "hexpm", "b47e415a562a6d072392deabcd58090d8a41182cf9044cdd6b0d0faaaf68ba57"},
  "hammer_backend_redis": {:hex, :hammer_backend_redis, "6.1.2", "eb296bb4924928e24135308b2afc189201fd09411c870c6bbadea444a49b2f2c", [:mix], [{:hammer, "~> 6.0", [hex: :hammer, repo: "hexpm", optional: false]}, {:redix, "~> 1.1", [hex: :redix, repo: "hexpm", optional: false]}], "hexpm", "217ea066278910543a5e9b577d5bf2425419446b94fe76bdd9f255f39feec9fa"},
  "hammer_plug": {:hex, :hammer_plug, "3.0.0", "7b1d000021e3ccc92cc6405c5537d3ec22f8f8f1274a1ae9351a8d98c32a2803", [:mix], [{:hammer, "~> 6.0", [hex: :hammer, repo: "hexpm", optional: false]}, {:plug, "~> 1.0", [hex: :plug, repo: "hexpm", optional: false]}], "hexpm", "35275f98f887bef8d84a8e0a3021ba1cd14d0e15c11221f6f8c833a3d43f35d8"},
  "mime": {:hex, :mime, "2.0.5", "dc34c8efd439abe6ae0343edbb8556f4d63f178594894720607772a041b04b02", [:mix], [], "hexpm", "da0d64a365c45bc9935cc5c8a7fc5e49a0e0f9932a761c55d6c52b142780a05c"},
  "nimble_options": {:hex, :nimble_options, "1.0.2", "92098a74df0072ff37d0c12ace58574d26880e522c22801437151a159392270e", [:mix], [], "hexpm", "fd12a8db2021036ce12a309f26f564ec367373265b53e25403f0ee697380f1b8"},
  "plug": {:hex, :plug, "1.14.2", "cff7d4ec45b4ae176a227acd94a7ab536d9b37b942c8e8fa6dfc0fff98ff4d80", [:mix], [{:mime, "~> 1.0 or ~> 2.0", [hex: :mime, repo: "hexpm", optional: false]}, {:plug_crypto, "~> 1.1.1 or ~> 1.2", [hex: :plug_crypto, repo: "hexpm", optional: false]}, {:telemetry, "~> 0.4.3 or ~> 1.0", [hex: :telemetry, repo: "hexpm", optional: false]}], "hexpm", "842fc50187e13cf4ac3b253d47d9474ed6c296a8732752835ce4a86acdf68d13"},
  "plug_crypto": {:hex, :plug_crypto, "1.2.5", "918772575e48e81e455818229bf719d4ab4181fcbf7f85b68a35620f78d89ced", [:mix], [], "hexpm", "26549a1d6345e2172eb1c233866756ae44a9609bd33ee6f99147ab3fd87fd842"},
  "poolboy": {:hex, :poolboy, "1.5.2", "392b007a1693a64540cead79830443abf5762f5d30cf50bc95cb2c1aaafa006b", [:rebar3], [], "hexpm", "dad79704ce5440f3d5a3681c8590b9dc25d1a561e8f5a9c995281012860901e3"},
  "redix": {:hex, :redix, "1.2.3", "3036e7c6080c42e1bbaa9168d1e28e367b01e8960a640a899b8ef8067273cb5e", [:mix], [{:castore, "~> 0.1.0 or ~> 1.0", [hex: :castore, repo: "hexpm", optional: true]}, {:nimble_options, "~> 0.5.0 or ~> 1.0", [hex: :nimble_options, repo: "hexpm", optional: false]}, {:telemetry, "~> 0.4.0 or ~> 1.0", [hex: :telemetry, repo: "hexpm", optional: false]}], "hexpm", "14e2bca8a03fad297a78a3d201032df260ee5f0e0ef9c173c0f9ca5b3e0331b7"},
  "telemetry": {:hex, :telemetry, "1.2.1", "68fdfe8d8f05a8428483a97d7aab2f268aaff24b49e0f599faa091f1d4e7f61c", [:rebar3], [], "hexpm", "dad9ce9d8effc621708f99eac538ef1cbe05d6a874dd741de2e689c47feafed5"},
}
